
Microsoft Visual Studio Solution File, Format Version 12.00
# Visual Studio 2013
VisualStudioVersion = 12.0.31101.0
MinimumVisualStudioVersion = 10.0.40219.1
Project("{FAE04EC0-301F-11D3-BF4B-00C04F79EFBC}") = "SQLite_ScriptGenerator", "SQLite_ScriptGenerator\SQLite_ScriptGenerator.csproj", "{A41E45BA-C3FB-4EB0-B447-DCDEB7A3F600}"
EndProject
Global
	GlobalSection(SolutionConfigurationPlatforms) = preSolution
		Debug|Any CPU = Debug|Any CPU
		Release|Any CPU = Release|Any CPU
	EndGlobalSection
	GlobalSection(ProjectConfigurationPlatforms) = postSolution
		{A41E45BA-C3FB-4EB0-B447-DCDEB7A3F600}.Debug|Any CPU.ActiveCfg = Debug|Any CPU
		{A41E45BA-C3FB-4EB0-B447-DCDEB7A3F600}.Debug|Any CPU.Build.0 = Debug|Any CPU
		{A41E45BA-C3FB-4EB0-B447-DCDEB7A3F600}.Release|Any CPU.ActiveCfg = Release|Any CPU
		{A41E45BA-C3FB-4EB0-B447-DCDEB7A3F600}.Release|Any CPU.Build.0 = Release|Any CPU
	EndGlobalSection
	GlobalSection(SolutionProperties) = preSolution
		HideSolutionNode = FALSE
	EndGlobalSection
EndGlobal
